// !$*UTF8*$!
{
	archiveVersion = 1;
	classes = {
	};
	objectVersion = 48;
	objects = {

/* Begin PBXBuildFile section */
		7C516DD76EB95B11757A51D4 /* Pods_ClashSpyEye.framework in Frameworks */ = {isa = PBXBuildFile; fileRef = C8B6436A824FA8516675D4CB /* Pods_ClashSpyEye.framework */; };
		A32616891FC375FF004E6089 /* Service.swift in Sources */ = {isa = PBXBuildFile; fileRef = A32616881FC375FF004E6089 /* Service.swift */; };
		A326168B1FC377D3004E6089 /* ClanTagService.swift in Sources */ = {isa = PBXBuildFile; fileRef = A326168A1FC377D3004E6089 /* ClanTagService.swift */; };
		A326168E1FC378FA004E6089 /* JSONError.swift in Sources */ = {isa = PBXBuildFile; fileRef = A326168D1FC378FA004E6089 /* JSONError.swift */; };
		A332EDD01FBB1E35003541DB /* PlayerInfo.swift in Sources */ = {isa = PBXBuildFile; fileRef = A332EDCF1FBB1E35003541DB /* PlayerInfo.swift */; };
		A332EDD31FBB22AB003541DB /* PlayerCell.swift in Sources */ = {isa = PBXBuildFile; fileRef = A332EDD21FBB22AB003541DB /* PlayerCell.swift */; };
		A3436F401FC5C22A002E40AC /* ClanInfoService.swift in Sources */ = {isa = PBXBuildFile; fileRef = A3436F3F1FC5C229002E40AC /* ClanInfoService.swift */; };
		A3887B7B1FB334A6008F1C7C /* Supercell-magic-webfont.ttf in Resources */ = {isa = PBXBuildFile; fileRef = A3887B7A1FB334A6008F1C7C /* Supercell-magic-webfont.ttf */; };
		A396A6E51FBA243C007A5741 /* UIViewController.swift in Sources */ = {isa = PBXBuildFile; fileRef = A396A6E41FBA243C007A5741 /* UIViewController.swift */; };
		A396A6E71FBA38DC007A5741 /* ClanInfo.swift in Sources */ = {isa = PBXBuildFile; fileRef = A396A6E61FBA38DC007A5741 /* ClanInfo.swift */; };
		A3A1D7671FB258FE0089C1B0 /* AppDelegate.swift in Sources */ = {isa = PBXBuildFile; fileRef = A3A1D7661FB258FE0089C1B0 /* AppDelegate.swift */; };
		A3A1D7691FB258FE0089C1B0 /* Home.swift in Sources */ = {isa = PBXBuildFile; fileRef = A3A1D7681FB258FE0089C1B0 /* Home.swift */; };
		A3A1D76C1FB258FE0089C1B0 /* Main.storyboard in Resources */ = {isa = PBXBuildFile; fileRef = A3A1D76A1FB258FE0089C1B0 /* Main.storyboard */; };
		A3A1D76E1FB258FE0089C1B0 /* Assets.xcassets in Resources */ = {isa = PBXBuildFile; fileRef = A3A1D76D1FB258FE0089C1B0 /* Assets.xcassets */; };
		A3A1D7711FB258FE0089C1B0 /* LaunchScreen.storyboard in Resources */ = {isa = PBXBuildFile; fileRef = A3A1D76F1FB258FE0089C1B0 /* LaunchScreen.storyboard */; };
		A3B93B411FBDDBBD00DD85C8 /* ClanInfoHeader.swift in Sources */ = {isa = PBXBuildFile; fileRef = A3B93B401FBDDBBD00DD85C8 /* ClanInfoHeader.swift */; };
		A3B93B461FBE1BF300DD85C8 /* Constants.swift in Sources */ = {isa = PBXBuildFile; fileRef = A3B93B451FBE1BF300DD85C8 /* Constants.swift */; };
		A3EA7A231FC8B7A8009582E3 /* ClanNameSearch.swift in Sources */ = {isa = PBXBuildFile; fileRef = A3EA7A221FC8B7A8009582E3 /* ClanNameSearch.swift */; };
		A3EA7A251FC8B874009582E3 /* ClanSearchCell.swift in Sources */ = {isa = PBXBuildFile; fileRef = A3EA7A241FC8B874009582E3 /* ClanSearchCell.swift */; };
/* End PBXBuildFile section */

/* Begin PBXFileReference section */
		366902F36D0AD8E3FCD2DC79 /* Pods-ClashSpyEye.release.xcconfig */ = {isa = PBXFileReference; includeInIndex = 1; lastKnownFileType = text.xcconfig; name = "Pods-ClashSpyEye.release.xcconfig"; path = "Pods/Target Support Files/Pods-ClashSpyEye/Pods-ClashSpyEye.release.xcconfig"; sourceTree = "<group>"; };
		A32616881FC375FF004E6089 /* Service.swift */ = {isa = PBXFileReference; lastKnownFileType = sourcecode.swift; path = Service.swift; sourceTree = "<group>"; };
		A326168A1FC377D3004E6089 /* ClanTagService.swift */ = {isa = PBXFileReference; lastKnownFileType = sourcecode.swift; path = ClanTagService.swift; sourceTree = "<group>"; };
		A326168D1FC378FA004E6089 /* JSONError.swift */ = {isa = PBXFileReference; lastKnownFileType = sourcecode.swift; path = JSONError.swift; sourceTree = "<group>"; };
		A332EDCF1FBB1E35003541DB /* PlayerInfo.swift */ = {isa = PBXFileReference; lastKnownFileType = sourcecode.swift; path = PlayerInfo.swift; sourceTree = "<group>"; };
		A332EDD21FBB22AB003541DB /* PlayerCell.swift */ = {isa = PBXFileReference; lastKnownFileType = sourcecode.swift; path = PlayerCell.swift; sourceTree = "<group>"; };
		A3436F3F1FC5C229002E40AC /* ClanInfoService.swift */ = {isa = PBXFileReference; lastKnownFileType = sourcecode.swift; path = ClanInfoService.swift; sourceTree = "<group>"; };
		A36862981FC874C1002891EF /* ClashSpyEye-Bridging-Header.h */ = {isa = PBXFileReference; lastKnownFileType = sourcecode.c.h; path = "ClashSpyEye-Bridging-Header.h"; sourceTree = "<group>"; };
		A3887B7A1FB334A6008F1C7C /* Supercell-magic-webfont.ttf */ = {isa = PBXFileReference; lastKnownFileType = file; path = "Supercell-magic-webfont.ttf"; sourceTree = "<group>"; };
		A396A6E41FBA243C007A5741 /* UIViewController.swift */ = {isa = PBXFileReference; lastKnownFileType = sourcecode.swift; path = UIViewController.swift; sourceTree = "<group>"; };
		A396A6E61FBA38DC007A5741 /* ClanInfo.swift */ = {isa = PBXFileReference; lastKnownFileType = sourcecode.swift; path = ClanInfo.swift; sourceTree = "<group>"; };
		A3A1D7631FB258FE0089C1B0 /* ClashSpyEye.app */ = {isa = PBXFileReference; explicitFileType = wrapper.application; includeInIndex = 0; path = ClashSpyEye.app; sourceTree = BUILT_PRODUCTS_DIR; };
		A3A1D7661FB258FE0089C1B0 /* AppDelegate.swift */ = {isa = PBXFileReference; lastKnownFileType = sourcecode.swift; path = AppDelegate.swift; sourceTree = "<group>"; };
		A3A1D7681FB258FE0089C1B0 /* Home.swift */ = {isa = PBXFileReference; lastKnownFileType = sourcecode.swift; path = Home.swift; sourceTree = "<group>"; };
		A3A1D76B1FB258FE0089C1B0 /* Base */ = {isa = PBXFileReference; lastKnownFileType = file.storyboard; name = Base; path = Base.lproj/Main.storyboard; sourceTree = "<group>"; };
		A3A1D76D1FB258FE0089C1B0 /* Assets.xcassets */ = {isa = PBXFileReference; lastKnownFileType = folder.assetcatalog; path = Assets.xcassets; sourceTree = "<group>"; };
		A3A1D7701FB258FE0089C1B0 /* Base */ = {isa = PBXFileReference; lastKnownFileType = file.storyboard; name = Base; path = Base.lproj/LaunchScreen.storyboard; sourceTree = "<group>"; };
		A3A1D7721FB258FE0089C1B0 /* Info.plist */ = {isa = PBXFileReference; lastKnownFileType = text.plist.xml; path = Info.plist; sourceTree = "<group>"; };
		A3B93B401FBDDBBD00DD85C8 /* ClanInfoHeader.swift */ = {isa = PBXFileReference; lastKnownFileType = sourcecode.swift; path = ClanInfoHeader.swift; sourceTree = "<group>"; };
		A3B93B451FBE1BF300DD85C8 /* Constants.swift */ = {isa = PBXFileReference; lastKnownFileType = sourcecode.swift; path = Constants.swift; sourceTree = "<group>"; };
		A3EA7A221FC8B7A8009582E3 /* ClanNameSearch.swift */ = {isa = PBXFileReference; lastKnownFileType = sourcecode.swift; path = ClanNameSearch.swift; sourceTree = "<group>"; };
		A3EA7A241FC8B874009582E3 /* ClanSearchCell.swift */ = {isa = PBXFileReference; lastKnownFileType = sourcecode.swift; path = ClanSearchCell.swift; sourceTree = "<group>"; };
		AADDDFFFE8700AFFCE8D6805 /* Pods-ClashSpyEye.debug.xcconfig */ = {isa = PBXFileReference; includeInIndex = 1; lastKnownFileType = text.xcconfig; name = "Pods-ClashSpyEye.debug.xcconfig"; path = "Pods/Target Support Files/Pods-ClashSpyEye/Pods-ClashSpyEye.debug.xcconfig"; sourceTree = "<group>"; };
		C8B6436A824FA8516675D4CB /* Pods_ClashSpyEye.framework */ = {isa = PBXFileReference; explicitFileType = wrapper.framework; includeInIndex = 0; path = Pods_ClashSpyEye.framework; sourceTree = BUILT_PRODUCTS_DIR; };
/* End PBXFileReference section */

/* Begin PBXFrameworksBuildPhase section */
		A3A1D7601FB258FE0089C1B0 /* Frameworks */ = {
			isa = PBXFrameworksBuildPhase;
			buildActionMask = 2147483647;
			files = (
				7C516DD76EB95B11757A51D4 /* Pods_ClashSpyEye.framework in Frameworks */,
			);
			runOnlyForDeploymentPostprocessing = 0;
		};
/* End PBXFrameworksBuildPhase section */

/* Begin PBXGroup section */
		8429A43A8952999BEE739178 /* Frameworks */ = {
			isa = PBXGroup;
			children = (
				C8B6436A824FA8516675D4CB /* Pods_ClashSpyEye.framework */,
			);
			name = Frameworks;
			sourceTree = "<group>";
		};
		A32616871FC375EC004E6089 /* Service */ = {
			isa = PBXGroup;
			children = (
				A32616881FC375FF004E6089 /* Service.swift */,
				A326168A1FC377D3004E6089 /* ClanTagService.swift */,
				A326168D1FC378FA004E6089 /* JSONError.swift */,
				A3436F3F1FC5C229002E40AC /* ClanInfoService.swift */,
			);
			path = Service;
			sourceTree = "<group>";
		};
		A368629B1FC8753F002891EF /* Bridging */ = {
			isa = PBXGroup;
			children = (
				A36862981FC874C1002891EF /* ClashSpyEye-Bridging-Header.h */,
			);
			path = Bridging;
			sourceTree = "<group>";
		};
		A3887B791FB3348C008F1C7C /* Fonts */ = {
			isa = PBXGroup;
			children = (
				A3887B7A1FB334A6008F1C7C /* Supercell-magic-webfont.ttf */,
			);
			path = Fonts;
			sourceTree = "<group>";
		};
		A396A6E31FBA240D007A5741 /* Extensions */ = {
			isa = PBXGroup;
			children = (
				A396A6E41FBA243C007A5741 /* UIViewController.swift */,
			);
			path = Extensions;
			sourceTree = "<group>";
		};
		A3A1D75A1FB258FE0089C1B0 = {
			isa = PBXGroup;
			children = (
				A3A1D7651FB258FE0089C1B0 /* ClashSpyEye */,
				A3A1D7641FB258FE0089C1B0 /* Products */,
				D305218B69A9B1AB7F270FBD /* Pods */,
				8429A43A8952999BEE739178 /* Frameworks */,
			);
			sourceTree = "<group>";
		};
		A3A1D7641FB258FE0089C1B0 /* Products */ = {
			isa = PBXGroup;
			children = (
				A3A1D7631FB258FE0089C1B0 /* ClashSpyEye.app */,
			);
			name = Products;
			sourceTree = "<group>";
		};
		A3A1D7651FB258FE0089C1B0 /* ClashSpyEye */ = {
			isa = PBXGroup;
			children = (
				A3A1D77C1FB25AA40089C1B0 /* Application */,
				A3A1D77D1FB25AC40089C1B0 /* Controllers */,
				A396A6E31FBA240D007A5741 /* Extensions */,
				A3A2373D1FBE1C9400BC7590 /* Helpers */,
				A3A1D7781FB259F40089C1B0 /* Resourses */,
				A32616871FC375EC004E6089 /* Service */,
				A3A1D77B1FB25A420089C1B0 /* Supporting Files */,
				A3B93B421FBE01E700DD85C8 /* View */,
			);
			path = ClashSpyEye;
			sourceTree = "<group>";
		};
		A3A1D7781FB259F40089C1B0 /* Resourses */ = {
			isa = PBXGroup;
			children = (
				A368629B1FC8753F002891EF /* Bridging */,
				A3887B791FB3348C008F1C7C /* Fonts */,
				A3A1D7791FB25A070089C1B0 /* Media */,
				A3A1D77A1FB25A1A0089C1B0 /* UI */,
			);
			path = Resourses;
			sourceTree = "<group>";
		};
		A3A1D7791FB25A070089C1B0 /* Media */ = {
			isa = PBXGroup;
			children = (
				A3A1D76D1FB258FE0089C1B0 /* Assets.xcassets */,
			);
			path = Media;
			sourceTree = "<group>";
		};
		A3A1D77A1FB25A1A0089C1B0 /* UI */ = {
			isa = PBXGroup;
			children = (
				A3A1D76A1FB258FE0089C1B0 /* Main.storyboard */,
				A3A1D76F1FB258FE0089C1B0 /* LaunchScreen.storyboard */,
			);
			path = UI;
			sourceTree = "<group>";
		};
		A3A1D77B1FB25A420089C1B0 /* Supporting Files */ = {
			isa = PBXGroup;
			children = (
				A3A1D7721FB258FE0089C1B0 /* Info.plist */,
			);
			path = "Supporting Files";
			sourceTree = "<group>";
		};
		A3A1D77C1FB25AA40089C1B0 /* Application */ = {
			isa = PBXGroup;
			children = (
				A3A1D7661FB258FE0089C1B0 /* AppDelegate.swift */,
			);
			path = Application;
			sourceTree = "<group>";
		};
		A3A1D77D1FB25AC40089C1B0 /* Controllers */ = {
			isa = PBXGroup;
			children = (
				A3A1D7681FB258FE0089C1B0 /* Home.swift */,
				A396A6E61FBA38DC007A5741 /* ClanInfo.swift */,
				A332EDCF1FBB1E35003541DB /* PlayerInfo.swift */,
				A3EA7A221FC8B7A8009582E3 /* ClanNameSearch.swift */,
			);
			path = Controllers;
			sourceTree = "<group>";
		};
		A3A2373D1FBE1C9400BC7590 /* Helpers */ = {
			isa = PBXGroup;
			children = (
				A3B93B451FBE1BF300DD85C8 /* Constants.swift */,
			);
			path = Helpers;
			sourceTree = "<group>";
		};
		A3B93B421FBE01E700DD85C8 /* View */ = {
			isa = PBXGroup;
			children = (
				A332EDD21FBB22AB003541DB /* PlayerCell.swift */,
				A3B93B401FBDDBBD00DD85C8 /* ClanInfoHeader.swift */,
				A3EA7A241FC8B874009582E3 /* ClanSearchCell.swift */,
			);
			path = View;
			sourceTree = "<group>";
		};
		D305218B69A9B1AB7F270FBD /* Pods */ = {
			isa = PBXGroup;
			children = (
				AADDDFFFE8700AFFCE8D6805 /* Pods-ClashSpyEye.debug.xcconfig */,
				366902F36D0AD8E3FCD2DC79 /* Pods-ClashSpyEye.release.xcconfig */,
			);
			name = Pods;
			sourceTree = "<group>";
		};
/* End PBXGroup section */

/* Begin PBXNativeTarget section */
		A3A1D7621FB258FE0089C1B0 /* ClashSpyEye */ = {
			isa = PBXNativeTarget;
			buildConfigurationList = A3A1D7751FB258FE0089C1B0 /* Build configuration list for PBXNativeTarget "ClashSpyEye" */;
			buildPhases = (
				36ADB6E5872EB7A098C3F12A /* [CP] Check Pods Manifest.lock */,
				A3A1D75F1FB258FE0089C1B0 /* Sources */,
				A3A1D7601FB258FE0089C1B0 /* Frameworks */,
				A3A1D7611FB258FE0089C1B0 /* Resources */,
				90BF7C8F168A5677D6F5D9FA /* [CP] Embed Pods Frameworks */,
				6CFD77107FD29C60BBA4E400 /* [CP] Copy Pods Resources */,
			);
			buildRules = (
			);
			dependencies = (
			);
			name = ClashSpyEye;
			productName = ClashSpyEye;
			productReference = A3A1D7631FB258FE0089C1B0 /* ClashSpyEye.app */;
			productType = "com.apple.product-type.application";
		};
/* End PBXNativeTarget section */

/* Begin PBXProject section */
		A3A1D75B1FB258FE0089C1B0 /* Project object */ = {
			isa = PBXProject;
			attributes = {
				LastSwiftUpdateCheck = 0910;
				LastUpgradeCheck = 0910;
				ORGANIZATIONNAME = "Eduardo de la Cruz";
				TargetAttributes = {
					A3A1D7621FB258FE0089C1B0 = {
						CreatedOnToolsVersion = 9.1;
						LastSwiftMigration = 0910;
						ProvisioningStyle = Automatic;
					};
				};
			};
			buildConfigurationList = A3A1D75E1FB258FE0089C1B0 /* Build configuration list for PBXProject "ClashSpyEye" */;
			compatibilityVersion = "Xcode 8.0";
			developmentRegion = en;
			hasScannedForEncodings = 0;
			knownRegions = (
				en,
				Base,
			);
			mainGroup = A3A1D75A1FB258FE0089C1B0;
			productRefGroup = A3A1D7641FB258FE0089C1B0 /* Products */;
			projectDirPath = "";
			projectRoot = "";
			targets = (
				A3A1D7621FB258FE0089C1B0 /* ClashSpyEye */,
			);
		};
/* End PBXProject section */

/* Begin PBXResourcesBuildPhase section */
		A3A1D7611FB258FE0089C1B0 /* Resources */ = {
			isa = PBXResourcesBuildPhase;
			buildActionMask = 2147483647;
			files = (
				A3A1D7711FB258FE0089C1B0 /* LaunchScreen.storyboard in Resources */,
				A3A1D76E1FB258FE0089C1B0 /* Assets.xcassets in Resources */,
				A3887B7B1FB334A6008F1C7C /* Supercell-magic-webfont.ttf in Resources */,
				A3A1D76C1FB258FE0089C1B0 /* Main.storyboard in Resources */,
			);
			runOnlyForDeploymentPostprocessing = 0;
		};
/* End PBXResourcesBuildPhase section */

/* Begin PBXShellScriptBuildPhase section */
		36ADB6E5872EB7A098C3F12A /* [CP] Check Pods Manifest.lock */ = {
			isa = PBXShellScriptBuildPhase;
			buildActionMask = 2147483647;
			files = (
			);
			inputPaths = (
				"${PODS_PODFILE_DIR_PATH}/Podfile.lock",
				"${PODS_ROOT}/Manifest.lock",
			);
			name = "[CP] Check Pods Manifest.lock";
			outputPaths = (
				"$(DERIVED_FILE_DIR)/Pods-ClashSpyEye-checkManifestLockResult.txt",
			);
			runOnlyForDeploymentPostprocessing = 0;
			shellPath = /bin/sh;
			shellScript = "diff \"${PODS_PODFILE_DIR_PATH}/Podfile.lock\" \"${PODS_ROOT}/Manifest.lock\" > /dev/null\nif [ $? != 0 ] ; then\n    # print error to STDERR\n    echo \"error: The sandbox is not in sync with the Podfile.lock. Run 'pod install' or update your CocoaPods installation.\" >&2\n    exit 1\nfi\n# This output is used by Xcode 'outputs' to avoid re-running this script phase.\necho \"SUCCESS\" > \"${SCRIPT_OUTPUT_FILE_0}\"\n";
			showEnvVarsInLog = 0;
		};
		6CFD77107FD29C60BBA4E400 /* [CP] Copy Pods Resources */ = {
			isa = PBXShellScriptBuildPhase;
			buildActionMask = 2147483647;
			files = (
			);
			inputPaths = (
			);
			name = "[CP] Copy Pods Resources";
			outputPaths = (
			);
			runOnlyForDeploymentPostprocessing = 0;
			shellPath = /bin/sh;
			shellScript = "\"${SRCROOT}/Pods/Target Support Files/Pods-ClashSpyEye/Pods-ClashSpyEye-resources.sh\"\n";
			showEnvVarsInLog = 0;
		};
		90BF7C8F168A5677D6F5D9FA /* [CP] Embed Pods Frameworks */ = {
			isa = PBXShellScriptBuildPhase;
			buildActionMask = 2147483647;
			files = (
			);
			inputPaths = (
				"${SRCROOT}/Pods/Target Support Files/Pods-ClashSpyEye/Pods-ClashSpyEye-frameworks.sh",
				"${BUILT_PRODUCTS_DIR}/Alamofire/Alamofire.framework",
				"${BUILT_PRODUCTS_DIR}/IQKeyboardManagerSwift/IQKeyboardManagerSwift.framework",
				"${BUILT_PRODUCTS_DIR}/KVNProgress/KVNProgress.framework",
				"${BUILT_PRODUCTS_DIR}/SDWebImage/SDWebImage.framework",
				"${BUILT_PRODUCTS_DIR}/SwiftyJSON/SwiftyJSON.framework",
				"${BUILT_PRODUCTS_DIR}/TRON/TRON.framework",
			);
			name = "[CP] Embed Pods Frameworks";
			outputPaths = (
				"${TARGET_BUILD_DIR}/${FRAMEWORKS_FOLDER_PATH}/Alamofire.framework",
				"${TARGET_BUILD_DIR}/${FRAMEWORKS_FOLDER_PATH}/IQKeyboardManagerSwift.framework",
				"${TARGET_BUILD_DIR}/${FRAMEWORKS_FOLDER_PATH}/KVNProgress.framework",
				"${TARGET_BUILD_DIR}/${FRAMEWORKS_FOLDER_PATH}/SDWebImage.framework",
				"${TARGET_BUILD_DIR}/${FRAMEWORKS_FOLDER_PATH}/SwiftyJSON.framework",
				"${TARGET_BUILD_DIR}/${FRAMEWORKS_FOLDER_PATH}/TRON.framework",
			);
			runOnlyForDeploymentPostprocessing = 0;
			shellPath = /bin/sh;
			shellScript = "\"${SRCROOT}/Pods/Target Support Files/Pods-ClashSpyEye/Pods-ClashSpyEye-frameworks.sh\"\n";
			showEnvVarsInLog = 0;
		};
/* End PBXShellScriptBuildPhase section */

/* Begin PBXSourcesBuildPhase section */
		A3A1D75F1FB258FE0089C1B0 /* Sources */ = {
			isa = PBXSourcesBuildPhase;
			buildActionMask = 2147483647;
			files = (
				A332EDD31FBB22AB003541DB /* PlayerCell.swift in Sources */,
				A332EDD01FBB1E35003541DB /* PlayerInfo.swift in Sources */,
				A3B93B411FBDDBBD00DD85C8 /* ClanInfoHeader.swift in Sources */,
				A3A1D7691FB258FE0089C1B0 /* Home.swift in Sources */,
				A326168E1FC378FA004E6089 /* JSONError.swift in Sources */,
				A396A6E71FBA38DC007A5741 /* ClanInfo.swift in Sources */,
				A3A1D7671FB258FE0089C1B0 /* AppDelegate.swift in Sources */,
				A32616891FC375FF004E6089 /* Service.swift in Sources */,
				A3436F401FC5C22A002E40AC /* ClanInfoService.swift in Sources */,
				A326168B1FC377D3004E6089 /* ClanTagService.swift in Sources */,
				A396A6E51FBA243C007A5741 /* UIViewController.swift in Sources */,
				A3B93B461FBE1BF300DD85C8 /* Constants.swift in Sources */,
				A3EA7A231FC8B7A8009582E3 /* ClanNameSearch.swift in Sources */,
				A3EA7A251FC8B874009582E3 /* ClanSearchCell.swift in Sources */,
			);
			runOnlyForDeploymentPostprocessing = 0;
		};
/* End PBXSourcesBuildPhase section */

/* Begin PBXVariantGroup section */
		A3A1D76A1FB258FE0089C1B0 /* Main.storyboard */ = {
			isa = PBXVariantGroup;
			children = (
				A3A1D76B1FB258FE0089C1B0 /* Base */,
			);
			name = Main.storyboard;
			sourceTree = "<group>";
		};
		A3A1D76F1FB258FE0089C1B0 /* LaunchScreen.storyboard */ = {
			isa = PBXVariantGroup;
			children = (
				A3A1D7701FB258FE0089C1B0 /* Base */,
			);
			name = LaunchScreen.storyboard;
			sourceTree = "<group>";
		};
/* End PBXVariantGroup section */

/* Begin XCBuildConfiguration section */
		A3A1D7731FB258FE0089C1B0 /* Debug */ = {
			isa = XCBuildConfiguration;
			buildSettings = {
				ALWAYS_SEARCH_USER_PATHS = NO;
				CLANG_ANALYZER_NONNULL = YES;
				CLANG_ANALYZER_NUMBER_OBJECT_CONVERSION = YES_AGGRESSIVE;
				CLANG_CXX_LANGUAGE_STANDARD = "gnu++14";
				CLANG_CXX_LIBRARY = "libc++";
				CLANG_ENABLE_MODULES = YES;
				CLANG_ENABLE_OBJC_ARC = YES;
				CLANG_WARN_BLOCK_CAPTURE_AUTORELEASING = YES;
				CLANG_WARN_BOOL_CONVERSION = YES;
				CLANG_WARN_COMMA = YES;
				CLANG_WARN_CONSTANT_CONVERSION = YES;
				CLANG_WARN_DIRECT_OBJC_ISA_USAGE = YES_ERROR;
				CLANG_WARN_DOCUMENTATION_COMMENTS = YES;
				CLANG_WARN_EMPTY_BODY = YES;
				CLANG_WARN_ENUM_CONVERSION = YES;
				CLANG_WARN_INFINITE_RECURSION = YES;
				CLANG_WARN_INT_CONVERSION = YES;
				CLANG_WARN_NON_LITERAL_NULL_CONVERSION = YES;
				CLANG_WARN_OBJC_LITERAL_CONVERSION = YES;
				CLANG_WARN_OBJC_ROOT_CLASS = YES_ERROR;
				CLANG_WARN_RANGE_LOOP_ANALYSIS = YES;
				CLANG_WARN_STRICT_PROTOTYPES = YES;
				CLANG_WARN_SUSPICIOUS_MOVE = YES;
				CLANG_WARN_UNGUARDED_AVAILABILITY = YES_AGGRESSIVE;
				CLANG_WARN_UNREACHABLE_CODE = YES;
				CLANG_WARN__DUPLICATE_METHOD_MATCH = YES;
				CODE_SIGN_IDENTITY = "iPhone Developer";
				COPY_PHASE_STRIP = NO;
				DEBUG_INFORMATION_FORMAT = dwarf;
				ENABLE_STRICT_OBJC_MSGSEND = YES;
				ENABLE_TESTABILITY = YES;
				GCC_C_LANGUAGE_STANDARD = gnu11;
				GCC_DYNAMIC_NO_PIC = NO;
				GCC_NO_COMMON_BLOCKS = YES;
				GCC_OPTIMIZATION_LEVEL = 0;
				GCC_PREPROCESSOR_DEFINITIONS = (
					"DEBUG=1",
					"$(inherited)",
				);
				GCC_WARN_64_TO_32_BIT_CONVERSION = YES;
				GCC_WARN_ABOUT_RETURN_TYPE = YES_ERROR;
				GCC_WARN_UNDECLARED_SELECTOR = YES;
				GCC_WARN_UNINITIALIZED_AUTOS = YES_AGGRESSIVE;
				GCC_WARN_UNUSED_FUNCTION = YES;
				GCC_WARN_UNUSED_VARIABLE = YES;
				IPHONEOS_DEPLOYMENT_TARGET = 11.1;
				MTL_ENABLE_DEBUG_INFO = YES;
				ONLY_ACTIVE_ARCH = YES;
				SDKROOT = iphoneos;
				SWIFT_ACTIVE_COMPILATION_CONDITIONS = DEBUG;
				SWIFT_OPTIMIZATION_LEVEL = "-Onone";
			};
			name = Debug;
		};
		A3A1D7741FB258FE0089C1B0 /* Release */ = {
			isa = XCBuildConfiguration;
			buildSettings = {
				ALWAYS_SEARCH_USER_PATHS = NO;
				CLANG_ANALYZER_NONNULL = YES;
				CLANG_ANALYZER_NUMBER_OBJECT_CONVERSION = YES_AGGRESSIVE;
				CLANG_CXX_LANGUAGE_STANDARD = "gnu++14";
				CLANG_CXX_LIBRARY = "libc++";
				CLANG_ENABLE_MODULES = YES;
				CLANG_ENABLE_OBJC_ARC = YES;
				CLANG_WARN_BLOCK_CAPTURE_AUTORELEASING = YES;
				CLANG_WARN_BOOL_CONVERSION = YES;
				CLANG_WARN_COMMA = YES;
				CLANG_WARN_CONSTANT_CONVERSION = YES;
				CLANG_WARN_DIRECT_OBJC_ISA_USAGE = YES_ERROR;
				CLANG_WARN_DOCUMENTATION_COMMENTS = YES;
				CLANG_WARN_EMPTY_BODY = YES;
				CLANG_WARN_ENUM_CONVERSION = YES;
				CLANG_WARN_INFINITE_RECURSION = YES;
				CLANG_WARN_INT_CONVERSION = YES;
				CLANG_WARN_NON_LITERAL_NULL_CONVERSION = YES;
				CLANG_WARN_OBJC_LITERAL_CONVERSION = YES;
				CLANG_WARN_OBJC_ROOT_CLASS = YES_ERROR;
				CLANG_WARN_RANGE_LOOP_ANALYSIS = YES;
				CLANG_WARN_STRICT_PROTOTYPES = YES;
				CLANG_WARN_SUSPICIOUS_MOVE = YES;
				CLANG_WARN_UNGUARDED_AVAILABILITY = YES_AGGRESSIVE;
				CLANG_WARN_UNREACHABLE_CODE = YES;
				CLANG_WARN__DUPLICATE_METHOD_MATCH = YES;
				CODE_SIGN_IDENTITY = "iPhone Developer";
				COPY_PHASE_STRIP = NO;
				DEBUG_INFORMATION_FORMAT = "dwarf-with-dsym";
				ENABLE_NS_ASSERTIONS = NO;
				ENABLE_STRICT_OBJC_MSGSEND = YES;
				GCC_C_LANGUAGE_STANDARD = gnu11;
				GCC_NO_COMMON_BLOCKS = YES;
				GCC_WARN_64_TO_32_BIT_CONVERSION = YES;
				GCC_WARN_ABOUT_RETURN_TYPE = YES_ERROR;
				GCC_WARN_UNDECLARED_SELECTOR = YES;
				GCC_WARN_UNINITIALIZED_AUTOS = YES_AGGRESSIVE;
				GCC_WARN_UNUSED_FUNCTION = YES;
				GCC_WARN_UNUSED_VARIABLE = YES;
				IPHONEOS_DEPLOYMENT_TARGET = 11.1;
				MTL_ENABLE_DEBUG_INFO = NO;
				SDKROOT = iphoneos;
				SWIFT_OPTIMIZATION_LEVEL = "-Owholemodule";
				VALIDATE_PRODUCT = YES;
			};
			name = Release;
		};
		A3A1D7761FB258FE0089C1B0 /* Debug */ = {
			isa = XCBuildConfiguration;
			baseConfigurationReference = AADDDFFFE8700AFFCE8D6805 /* Pods-ClashSpyEye.debug.xcconfig */;
			buildSettings = {
				ASSETCATALOG_COMPILER_APPICON_NAME = AppIcon;
				CLANG_ENABLE_MODULES = YES;
				CODE_SIGN_STYLE = Automatic;
				DEVELOPMENT_TEAM = 273FZ5G5B8;
				INFOPLIST_FILE = "$(SRCROOT)/ClashSpyEye/Supporting Files/Info.plist";
				LD_RUNPATH_SEARCH_PATHS = "$(inherited) @executable_path/Frameworks";
				PRODUCT_BUNDLE_IDENTIFIER = com.eduardo.ClashSpyEye;
				PRODUCT_NAME = "$(TARGET_NAME)";
				SWIFT_OBJC_BRIDGING_HEADER = "ClashSpyEye/Resourses/Bridging/ClashSpyEye-Bridging-Header.h";
				SWIFT_OPTIMIZATION_LEVEL = "-Onone";
				SWIFT_VERSION = 4.0;
				TARGETED_DEVICE_FAMILY = "1,2";
			};
			name = Debug;
		};
		A3A1D7771FB258FE0089C1B0 /* Release */ = {
			isa = XCBuildConfiguration;
			baseConfigurationReference = 366902F36D0AD8E3FCD2DC79 /* Pods-ClashSpyEye.release.xcconfig */;
			buildSettings = {
				ASSETCATALOG_COMPILER_APPICON_NAME = AppIcon;
				CLANG_ENABLE_MODULES = YES;
				CODE_SIGN_STYLE = Automatic;
				DEVELOPMENT_TEAM = 273FZ5G5B8;
				INFOPLIST_FILE = "$(SRCROOT)/ClashSpyEye/Supporting Files/Info.plist";
				LD_RUNPATH_SEARCH_PATHS = "$(inherited) @executable_path/Frameworks";
				PRODUCT_BUNDLE_IDENTIFIER = com.eduardo.ClashSpyEye;
				PRODUCT_NAME = "$(TARGET_NAME)";
				SWIFT_OBJC_BRIDGING_HEADER = "ClashSpyEye/Resourses/Bridging/ClashSpyEye-Bridging-Header.h";
				SWIFT_VERSION = 4.0;
				TARGETED_DEVICE_FAMILY = "1,2";
			};
			name = Release;
		};
/* End XCBuildConfiguration section */

/* Begin XCConfigurationList section */
		A3A1D75E1FB258FE0089C1B0 /* Build configuration list for PBXProject "ClashSpyEye" */ = {
			isa = XCConfigurationList;
			buildConfigurations = (
				A3A1D7731FB258FE0089C1B0 /* Debug */,
				A3A1D7741FB258FE0089C1B0 /* Release */,
			);
			defaultConfigurationIsVisible = 0;
			defaultConfigurationName = Release;
		};
		A3A1D7751FB258FE0089C1B0 /* Build configuration list for PBXNativeTarget "ClashSpyEye" */ = {
			isa = XCConfigurationList;
			buildConfigurations = (
				A3A1D7761FB258FE0089C1B0 /* Debug */,
				A3A1D7771FB258FE0089C1B0 /* Release */,
			);
			defaultConfigurationIsVisible = 0;
			defaultConfigurationName = Release;
		};
/* End XCConfigurationList section */
	};
	rootObject = A3A1D75B1FB258FE0089C1B0 /* Project object */;
}
